{
  "name": "commander",
  "version": "2.12.0",
  "lockfileVersion": 1,
  "requires": true,
  "dependencies": {
    "@types/node": {
      "version": "7.0.43",
      "resolved": "https://registry.npmjs.org/@types/node/-/node-7.0.43.tgz",
      "integrity": "sha512-7scYwwfHNppXvH/9JzakbVxk0o0QUILVk1Lv64GRaxwPuGpnF1QBiwdvhDpLcymb8BpomQL3KYoWKq3wUdDMhQ=="
    },
    "formatio": {
      "version": "1.2.0",
      "resolved": "https://registry.npmjs.org/formatio/-/formatio-1.2.0.tgz",
      "integrity": "sha1-87IWfZBoxGmKjVH092CjmlTYGOs=",
      "dev": true,
      "requires": {
        "samsam": "1.2.1"
      }
    },
    "isarray": {
      "version": "0.0.1",
      "resolved": "https://registry.npmjs.org/isarray/-/isarray-0.0.1.tgz",
      "integrity": "sha1-ihis/Kmo9Bd+Cav8YDiTmwXR7t8=",
      "dev": true
    },
    "lolex": {
      "version": "1.6.0",
      "resolved": "https://registry.npmjs.org/lolex/-/lolex-1.6.0.tgz",
      "integrity": "sha1-OpoCg0UqR9dDnnJzG54H1zhuSfY=",
      "dev": true
    },
    "native-promise-only": {
      "version": "0.8.1",
      "resolved": "https://registry.npmjs.org/native-promise-only/-/native-promise-only-0.8.1.tgz",
      "integrity": "sha1-IKMYwwy0X3H+et+/eyHJnBRy7xE=",
      "dev": true
    },
    "path-to-regexp": {
      "version": "1.7.0",
      "resolved": "https://registry.npmjs.org/path-to-regexp/-/path-to-regexp-1.7.0.tgz",
      "integrity": "sha1-Wf3g9DW62suhA6hOnTvGTpa5k30=",
      "dev": true,
      "requires": {
        "isarray": "0.0.1"
      }
    },
    "samsam": {
      "version": "1.2.1",
      "resolved": "https://registry.npmjs.org/samsam/-/samsam-1.2.1.tgz",
      "integrity": "sha1-7dOQk6MYQ3DLhZJDsr3yVefY6mc=",
      "dev": true
    },
    "should": {
      "version": "11.2.1",
      "resolved": "https://registry.npmjs.org/should/-/should-11.2.1.tgz",
      "integrity": "sha1-kPVRRVUtAc/CAGZuToGKHJZw7aI=",
      "dev": true,
      "requires": {
        "should-equal": "1.0.1",
        "should-format": "3.0.3",
        "should-type": "1.4.0",
        "should-type-adaptors": "1.0.1",
        "should-util": "1.0.0"
      },
      "dependencies": {
        "should-equal": {
          "version": "1.0.1",
          "resolved": "https://registry.npmjs.org/should-equal/-/should-equal-1.0.1.tgz",
          "integrity": "sha1-C26VFvJgGp+wuy3MNpr6HH4gCvc=",
          "dev": true,
          "requires": {
            "should-type": "1.4.0"
          }
        },
        "should-format": {
          "version": "3.0.3",
          "resolved": "https://registry.npmjs.org/should-format/-/should-format-3.0.3.tgz",
          "integrity": "sha1-m/yPdPo5IFxT04w01xcwPidxJPE=",
          "dev": true,
          "requires": {
            "should-type": "1.4.0",
            "should-type-adaptors": "1.0.1"
          }
        },
        "should-type": {
          "version": "1.4.0",
          "resolved": "https://registry.npmjs.org/should-type/-/should-type-1.4.0.tgz",
          "integrity": "sha1-B1bYzoRt/QmEOmlHcZ36DUz/XPM=",
          "dev": true
        }
      }
    },
    "should-type-adaptors": {
      "version": "1.0.1",
      "resolved": "https://registry.npmjs.org/should-type-adaptors/-/should-type-adaptors-1.0.1.tgz",
      "integrity": "sha1-7+VVPN9oz/ZuXF9RtxLcNRx3vqo=",
      "dev": true,
      "requires": {
        "should-type": "1.4.0",
        "should-util": "1.0.0"
      },
      "dependencies": {
        "should-type": {
          "version": "1.4.0",
          "resolved": "https://registry.npmjs.org/should-type/-/should-type-1.4.0.tgz",
          "integrity": "sha1-B1bYzoRt/QmEOmlHcZ36DUz/XPM=",
          "dev": true
        }
      }
    },
    "should-util": {
      "version": "1.0.0",
      "resolved": "https://registry.npmjs.org/should-util/-/should-util-1.0.0.tgz",
      "integrity": "sha1-yYzaN0qmsZDfi6h8mInCtNtiAGM=",
      "dev": true
    },
    "sinon": {
      "version": "2.4.1",
      "resolved": "https://registry.npmjs.org/sinon/-/sinon-2.4.1.tgz",
      "integrity": "sha512-vFTrO9Wt0ECffDYIPSP/E5bBugt0UjcBQOfQUMh66xzkyPEnhl/vM2LRZi2ajuTdkH07sA6DzrM6KvdvGIH8xw==",
      "dev": true,
      "requires": {
        "diff": "3.3.1",
        "formatio": "1.2.0",
        "lolex": "1.6.0",
        "native-promise-only": "0.8.1",
        "path-to-regexp": "1.7.0",
        "samsam": "1.2.1",
        "text-encoding": "0.6.4",
        "type-detect": "4.0.3"
      },
      "dependencies": {
        "diff": {
          "version": "3.3.1",
          "resolved": "https://registry.npmjs.org/diff/-/diff-3.3.1.tgz",
          "integrity": "sha512-MKPHZDMB0o6yHyDryUOScqZibp914ksXwAMYMTHj6KO8UeKsRYNJD3oNCKjTqZon+V488P7N/HzXF8t7ZR95ww==",
          "dev": true
        },
        "type-detect": {
          "version": "4.0.3",
          "resolved": "https://registry.npmjs.org/type-detect/-/type-detect-4.0.3.tgz",
          "integrity": "sha1-Dj8mcLRAmbC0bChNE2p+9Jx0wuo=",
          "dev": true
        }
      }
    },
    "text-encoding": {
      "version": "0.6.4",
      "resolved": "https://registry.npmjs.org/text-encoding/-/text-encoding-0.6.4.tgz",
      "integrity": "sha1-45mpgiV6J22uQou5KEXLcb3CbRk=",
      "dev": true
    },
    "typescript": {
      "version": "2.5.3",
      "resolved": "https://registry.npmjs.org/typescript/-/typescript-2.5.3.tgz",
      "integrity": "sha512-ptLSQs2S4QuS6/OD1eAKG+S5G8QQtrU5RT32JULdZQtM1L3WTi34Wsu48Yndzi8xsObRAB9RPt/KhA9wlpEF6w==",
      "dev": true
    }
  }
}
