{
  "name": "commander",
  "version": "2.12.0",
  "lockfileVersion": 1,
  "requires": true,
  "dependencies": {
    "@types/node": {
      "version": "7.0.48",
      "resolved": "https://registry.npmjs.org/@types/node/-/node-7.0.48.tgz",
      "integrity": "sha512-LLlXafM3BD52MH056tHxTXO8JFCnpJJQkdzIU3+m8ew+CXJY/5zIXgDNb4TK/QFvlI8QexLS5tL+sE0Qhegr1w=="
    },
    "diff": {
      "version": "https://registry.npmjs.org/diff/-/diff-3.2.0.tgz",
      "integrity": "sha1-yc45Okt8vQsFinJck98pkCeGj/k=",
      "dev": true
    },
    "formatio": {
      "version": "https://registry.npmjs.org/formatio/-/formatio-1.2.0.tgz",
      "integrity": "sha1-87IWfZBoxGmKjVH092CjmlTYGOs=",
      "dev": true,
      "requires": {
        "samsam": "https://registry.npmjs.org/samsam/-/samsam-1.2.1.tgz"
      }
    },
    "isarray": {
      "version": "https://registry.npmjs.org/isarray/-/isarray-0.0.1.tgz",
      "integrity": "sha1-ihis/Kmo9Bd+Cav8YDiTmwXR7t8=",
      "dev": true
    },
    "lolex": {
      "version": "https://registry.npmjs.org/lolex/-/lolex-1.6.0.tgz",
      "integrity": "sha1-OpoCg0UqR9dDnnJzG54H1zhuSfY=",
      "dev": true
    },
    "native-promise-only": {
      "version": "https://registry.npmjs.org/native-promise-only/-/native-promise-only-0.8.1.tgz",
      "integrity": "sha1-IKMYwwy0X3H+et+/eyHJnBRy7xE=",
      "dev": true
    },
    "path-to-regexp": {
      "version": "https://registry.npmjs.org/path-to-regexp/-/path-to-regexp-1.7.0.tgz",
      "integrity": "sha1-Wf3g9DW62suhA6hOnTvGTpa5k30=",
      "dev": true,
      "requires": {
        "isarray": "https://registry.npmjs.org/isarray/-/isarray-0.0.1.tgz"
      }
    },
    "samsam": {
      "version": "https://registry.npmjs.org/samsam/-/samsam-1.2.1.tgz",
      "integrity": "sha1-7dOQk6MYQ3DLhZJDsr3yVefY6mc=",
      "dev": true
    },
    "should": {
      "version": "11.2.1",
      "resolved": "https://registry.npmjs.org/should/-/should-11.2.1.tgz",
      "integrity": "sha1-kPVRRVUtAc/CAGZuToGKHJZw7aI=",
      "dev": true,
      "requires": {
        "should-equal": "1.0.1",
        "should-format": "3.0.3",
        "should-type": "1.4.0",
        "should-type-adaptors": "1.0.1",
        "should-util": "1.0.0"
      },
      "dependencies": {
        "should-equal": {
          "version": "1.0.1",
          "resolved": "https://registry.npmjs.org/should-equal/-/should-equal-1.0.1.tgz",
          "integrity": "sha1-C26VFvJgGp+wuy3MNpr6HH4gCvc=",
          "dev": true,
          "requires": {
            "should-type": "1.4.0"
          }
        },
        "should-format": {
          "version": "3.0.3",
          "resolved": "https://registry.npmjs.org/should-format/-/should-format-3.0.3.tgz",
          "integrity": "sha1-m/yPdPo5IFxT04w01xcwPidxJPE=",
          "dev": true,
          "requires": {
            "should-type": "1.4.0",
            "should-type-adaptors": "1.0.1"
          }
        },
        "should-type": {
          "version": "1.4.0",
          "resolved": "https://registry.npmjs.org/should-type/-/should-type-1.4.0.tgz",
          "integrity": "sha1-B1bYzoRt/QmEOmlHcZ36DUz/XPM=",
          "dev": true
        }
      }
    },
    "should-type-adaptors": {
      "version": "1.0.1",
      "resolved": "https://registry.npmjs.org/should-type-adaptors/-/should-type-adaptors-1.0.1.tgz",
      "integrity": "sha1-7+VVPN9oz/ZuXF9RtxLcNRx3vqo=",
      "dev": true,
      "requires": {
        "should-type": "1.4.0",
        "should-util": "1.0.0"
      },
      "dependencies": {
        "should-type": {
          "version": "1.4.0",
          "resolved": "https://registry.npmjs.org/should-type/-/should-type-1.4.0.tgz",
          "integrity": "sha1-B1bYzoRt/QmEOmlHcZ36DUz/XPM=",
          "dev": true
        }
      }
    },
    "should-util": {
      "version": "1.0.0",
      "resolved": "https://registry.npmjs.org/should-util/-/should-util-1.0.0.tgz",
      "integrity": "sha1-yYzaN0qmsZDfi6h8mInCtNtiAGM=",
      "dev": true
    },
    "sinon": {
      "version": "2.3.5",
      "resolved": "https://registry.npmjs.org/sinon/-/sinon-2.3.5.tgz",
      "integrity": "sha1-mi/A/41SbacW8wlTqixl1RiRf2w=",
      "dev": true,
      "requires": {
        "diff": "https://registry.npmjs.org/diff/-/diff-3.2.0.tgz",
        "formatio": "https://registry.npmjs.org/formatio/-/formatio-1.2.0.tgz",
        "lolex": "https://registry.npmjs.org/lolex/-/lolex-1.6.0.tgz",
        "native-promise-only": "https://registry.npmjs.org/native-promise-only/-/native-promise-only-0.8.1.tgz",
        "path-to-regexp": "https://registry.npmjs.org/path-to-regexp/-/path-to-regexp-1.7.0.tgz",
        "samsam": "https://registry.npmjs.org/samsam/-/samsam-1.2.1.tgz",
        "text-encoding": "https://registry.npmjs.org/text-encoding/-/text-encoding-0.6.4.tgz",
        "type-detect": "https://registry.npmjs.org/type-detect/-/type-detect-4.0.0.tgz"
      }
    },
    "text-encoding": {
      "version": "https://registry.npmjs.org/text-encoding/-/text-encoding-0.6.4.tgz",
      "integrity": "sha1-45mpgiV6J22uQou5KEXLcb3CbRk=",
      "dev": true
    },
    "type-detect": {
      "version": "https://registry.npmjs.org/type-detect/-/type-detect-4.0.0.tgz",
      "integrity": "sha1-YgU4g1QqMh8veyV0bcaWR4sY/2s=",
      "dev": true
    },
    "typescript": {
      "version": "2.6.1",
      "resolved": "https://registry.npmjs.org/typescript/-/typescript-2.6.1.tgz",
      "integrity": "sha1-7znN6ierrAtQAkLWcmq5DgyEZjE=",
      "dev": true
    }
  }
}
